
Microsoft Visual Studio Solution File, Format Version 12.00
# Visual Studio Version 16
VisualStudioVersion = 16.0.30804.86
MinimumVisualStudioVersion = 10.0.40219.1
Project("{9A19103F-16F7-4668-BE54-9A1E7A4F7556}") = "Sownloader", "Sownloader\Sownloader.csproj", "{4123232E-CFEA-45EA-A6DF-D7F31C89481B}"
EndProject
Project("{9A19103F-16F7-4668-BE54-9A1E7A4F7556}") = "Sownloader.Core", "Sownloader.Core\Sownloader.Core.csproj", "{B4A129A7-8A75-45C9-B4E6-551B15983FA8}"
EndProject
Global
	GlobalSection(SolutionConfigurationPlatforms) = preSolution
		Debug|Any CPU = Debug|Any CPU
		Release|Any CPU = Release|Any CPU
	EndGlobalSection
	GlobalSection(ProjectConfigurationPlatforms) = postSolution
		{4123232E-CFEA-45EA-A6DF-D7F31C89481B}.Debug|Any CPU.ActiveCfg = Debug|Any CPU
		{4123232E-CFEA-45EA-A6DF-D7F31C89481B}.Debug|Any CPU.Build.0 = Debug|Any CPU
		{4123232E-CFEA-45EA-A6DF-D7F31C89481B}.Release|Any CPU.ActiveCfg = Release|Any CPU
		{4123232E-CFEA-45EA-A6DF-D7F31C89481B}.Release|Any CPU.Build.0 = Release|Any CPU
		{B4A129A7-8A75-45C9-B4E6-551B15983FA8}.Debug|Any CPU.ActiveCfg = Debug|Any CPU
		{B4A129A7-8A75-45C9-B4E6-551B15983FA8}.Debug|Any CPU.Build.0 = Debug|Any CPU
		{B4A129A7-8A75-45C9-B4E6-551B15983FA8}.Release|Any CPU.ActiveCfg = Release|Any CPU
		{B4A129A7-8A75-45C9-B4E6-551B15983FA8}.Release|Any CPU.Build.0 = Release|Any CPU
	EndGlobalSection
	GlobalSection(SolutionProperties) = preSolution
		HideSolutionNode = FALSE
	EndGlobalSection
	GlobalSection(ExtensibilityGlobals) = postSolution
		SolutionGuid = {F526DC9A-6D87-451F-93DA-F5195403757C}
	EndGlobalSection
EndGlobal
