Microsoft Visual Studio Solution File, Format Version 12.00
# Visual Studio Version 17
VisualStudioVersion = 17.0.31611.283
MinimumVisualStudioVersion = 10.0.40219.1
Project("{9A19103F-16F7-4668-BE54-9A1E7A4F7556}") = "Sownloader", "Sownloader\Sownloader.csproj", "{C7EAD8CE-B5EB-47E1-B336-439016218A05}"
EndProject
Project("{FAE04EC0-301F-11D3-BF4B-00C04F79EFBC}") = "Sownloader.Core", "Sownloader.Core\Sownloader.Core.csproj", "{928F8A1C-F8BA-420D-9E83-846DB93F07C9}"
EndProject
Global
	GlobalSection(SolutionConfigurationPlatforms) = preSolution
		Debug|Any CPU = Debug|Any CPU
		Release|Any CPU = Release|Any CPU
	EndGlobalSection
	GlobalSection(ProjectConfigurationPlatforms) = postSolution
		{C7EAD8CE-B5EB-47E1-B336-439016218A05}.Debug|Any CPU.ActiveCfg = Debug|Any CPU
		{C7EAD8CE-B5EB-47E1-B336-439016218A05}.Debug|Any CPU.Build.0 = Debug|Any CPU
		{C7EAD8CE-B5EB-47E1-B336-439016218A05}.Debug|Any CPU.Deploy.0 = Debug|Any CPU
		{C7EAD8CE-B5EB-47E1-B336-439016218A05}.Release|Any CPU.ActiveCfg = Release|Any CPU
		{C7EAD8CE-B5EB-47E1-B336-439016218A05}.Release|Any CPU.Build.0 = Release|Any CPU
		{C7EAD8CE-B5EB-47E1-B336-439016218A05}.Release|Any CPU.Deploy.0 = Release|Any CPU
		{928F8A1C-F8BA-420D-9E83-846DB93F07C9}.Debug|Any CPU.ActiveCfg = Debug|Any CPU
		{928F8A1C-F8BA-420D-9E83-846DB93F07C9}.Debug|Any CPU.Build.0 = Debug|Any CPU
		{928F8A1C-F8BA-420D-9E83-846DB93F07C9}.Release|Any CPU.ActiveCfg = Release|Any CPU
		{928F8A1C-F8BA-420D-9E83-846DB93F07C9}.Release|Any CPU.Build.0 = Release|Any CPU
	EndGlobalSection
	GlobalSection(SolutionProperties) = preSolution
		HideSolutionNode = FALSE
	EndGlobalSection
	GlobalSection(ExtensibilityGlobals) = postSolution
		        SolutionGuid = {61F7FB11-1E47-470C-91E2-47F8143E1572}
		SolutionGuid = {CA746A57-8651-4038-8C3C-37FE2AA12499}
	EndGlobalSection
EndGlobal
